// !$*UTF8*$!
{
	archiveVersion = 1;
	classes = {
	};
	objectVersion = 56;
	objects = {

/* Begin PBXBuildFile section */
		68D88EBC2B18850C009E8D61 /* Algorithms in Frameworks */ = {isa = PBXBuildFile; productRef = 68D88EBB2B18850C009E8D61 /* Algorithms */; };
		68D88EBF2B188521009E8D61 /* Collections in Frameworks */ = {isa = PBXBuildFile; productRef = 68D88EBE2B188521009E8D61 /* Collections */; };
		68D88EC12B188521009E8D61 /* DequeModule in Frameworks */ = {isa = PBXBuildFile; productRef = 68D88EC02B188521009E8D61 /* DequeModule */; };
		68D88EC32B188521009E8D61 /* OrderedCollections in Frameworks */ = {isa = PBXBuildFile; productRef = 68D88EC22B188521009E8D61 /* OrderedCollections */; };
/* End PBXBuildFile section */

/* Begin PBXCopyFilesBuildPhase section */
		68B17EC82B18845400EF98D9 /* CopyFiles */ = {
			isa = PBXCopyFilesBuildPhase;
			buildActionMask = 2147483647;
			dstPath = /usr/share/man/man1/;
			dstSubfolderSpec = 0;
			files = (
			);
			runOnlyForDeploymentPostprocessing = 1;
		};
/* End PBXCopyFilesBuildPhase section */

/* Begin PBXFileReference section */
		68B17ECA2B18845400EF98D9 /* AdventOfCode2023 */ = {isa = PBXFileReference; explicitFileType = "compiled.mach-o.executable"; includeInIndex = 0; path = AdventOfCode2023; sourceTree = BUILT_PRODUCTS_DIR; };
		68B17ED42B18846800EF98D9 /* Solutions.playground */ = {isa = PBXFileReference; lastKnownFileType = file.playground; path = Solutions.playground; sourceTree = "<group>"; xcLanguageSpecificationIdentifier = xcode.lang.swift; };
/* End PBXFileReference section */

/* Begin PBXFrameworksBuildPhase section */
		68B17EC72B18845400EF98D9 /* Frameworks */ = {
			isa = PBXFrameworksBuildPhase;
			buildActionMask = 2147483647;
			files = (
				68D88EBF2B188521009E8D61 /* Collections in Frameworks */,
				68D88EBC2B18850C009E8D61 /* Algorithms in Frameworks */,
				68D88EC32B188521009E8D61 /* OrderedCollections in Frameworks */,
				68D88EC12B188521009E8D61 /* DequeModule in Frameworks */,
			);
			runOnlyForDeploymentPostprocessing = 0;
		};
/* End PBXFrameworksBuildPhase section */

/* Begin PBXGroup section */
		68B17EC12B18845400EF98D9 = {
			isa = PBXGroup;
			children = (
				68B17ECC2B18845400EF98D9 /* AdventOfCode2023 */,
				68B17ECB2B18845400EF98D9 /* Products */,
			);
			sourceTree = "<group>";
		};
		68B17ECB2B18845400EF98D9 /* Products */ = {
			isa = PBXGroup;
			children = (
				68B17ECA2B18845400EF98D9 /* AdventOfCode2023 */,
			);
			name = Products;
			sourceTree = "<group>";
		};
		68B17ECC2B18845400EF98D9 /* AdventOfCode2023 */ = {
			isa = PBXGroup;
			children = (
				68B17ED42B18846800EF98D9 /* Solutions.playground */,
			);
			path = AdventOfCode2023;
			sourceTree = "<group>";
		};
/* End PBXGroup section */

/* Begin PBXNativeTarget section */
		68B17EC92B18845400EF98D9 /* AdventOfCode2023 */ = {
			isa = PBXNativeTarget;
			buildConfigurationList = 68B17ED12B18845400EF98D9 /* Build configuration list for PBXNativeTarget "AdventOfCode2023" */;
			buildPhases = (
				68B17EC62B18845400EF98D9 /* Sources */,
				68B17EC72B18845400EF98D9 /* Frameworks */,
				68B17EC82B18845400EF98D9 /* CopyFiles */,
			);
			buildRules = (
			);
			dependencies = (
			);
			name = AdventOfCode2023;
			packageProductDependencies = (
				68D88EBB2B18850C009E8D61 /* Algorithms */,
				68D88EBE2B188521009E8D61 /* Collections */,
				68D88EC02B188521009E8D61 /* DequeModule */,
				68D88EC22B188521009E8D61 /* OrderedCollections */,
			);
			productName = AdventOfCode2023;
			productReference = 68B17ECA2B18845400EF98D9 /* AdventOfCode2023 */;
			productType = "com.apple.product-type.tool";
		};
/* End PBXNativeTarget section */

/* Begin PBXProject section */
		68B17EC22B18845400EF98D9 /* Project object */ = {
			isa = PBXProject;
			attributes = {
				BuildIndependentTargetsInParallel = 1;
				LastSwiftUpdateCheck = 1430;
				LastUpgradeCheck = 1430;
				TargetAttributes = {
					68B17EC92B18845400EF98D9 = {
						CreatedOnToolsVersion = 14.3;
					};
				};
			};
			buildConfigurationList = 68B17EC52B18845400EF98D9 /* Build configuration list for PBXProject "AdventOfCode2023" */;
			compatibilityVersion = "Xcode 14.0";
			developmentRegion = en;
			hasScannedForEncodings = 0;
			knownRegions = (
				en,
				Base,
			);
			mainGroup = 68B17EC12B18845400EF98D9;
			packageReferences = (
				68D88EBA2B18850C009E8D61 /* XCRemoteSwiftPackageReference "swift-algorithms" */,
				68D88EBD2B188521009E8D61 /* XCRemoteSwiftPackageReference "swift-collections" */,
			);
			productRefGroup = 68B17ECB2B18845400EF98D9 /* Products */;
			projectDirPath = "";
			projectRoot = "";
			targets = (
				68B17EC92B18845400EF98D9 /* AdventOfCode2023 */,
			);
		};
/* End PBXProject section */

/* Begin PBXSourcesBuildPhase section */
		68B17EC62B18845400EF98D9 /* Sources */ = {
			isa = PBXSourcesBuildPhase;
			buildActionMask = 2147483647;
			files = (
			);
			runOnlyForDeploymentPostprocessing = 0;
		};
/* End PBXSourcesBuildPhase section */

/* Begin XCBuildConfiguration section */
		68B17ECF2B18845400EF98D9 /* Debug */ = {
			isa = XCBuildConfiguration;
			buildSettings = {
				ALWAYS_SEARCH_USER_PATHS = NO;
				CLANG_ANALYZER_NONNULL = YES;
				CLANG_ANALYZER_NUMBER_OBJECT_CONVERSION = YES_AGGRESSIVE;
				CLANG_CXX_LANGUAGE_STANDARD = "gnu++20";
				CLANG_ENABLE_MODULES = YES;
				CLANG_ENABLE_OBJC_ARC = YES;
				CLANG_ENABLE_OBJC_WEAK = YES;
				CLANG_WARN_BLOCK_CAPTURE_AUTORELEASING = YES;
				CLANG_WARN_BOOL_CONVERSION = YES;
				CLANG_WARN_COMMA = YES;
				CLANG_WARN_CONSTANT_CONVERSION = YES;
				CLANG_WARN_DEPRECATED_OBJC_IMPLEMENTATIONS = YES;
				CLANG_WARN_DIRECT_OBJC_ISA_USAGE = YES_ERROR;
				CLANG_WARN_DOCUMENTATION_COMMENTS = YES;
				CLANG_WARN_EMPTY_BODY = YES;
				CLANG_WARN_ENUM_CONVERSION = YES;
				CLANG_WARN_INFINITE_RECURSION = YES;
				CLANG_WARN_INT_CONVERSION = YES;
				CLANG_WARN_NON_LITERAL_NULL_CONVERSION = YES;
				CLANG_WARN_OBJC_IMPLICIT_RETAIN_SELF = YES;
				CLANG_WARN_OBJC_LITERAL_CONVERSION = YES;
				CLANG_WARN_OBJC_ROOT_CLASS = YES_ERROR;
				CLANG_WARN_QUOTED_INCLUDE_IN_FRAMEWORK_HEADER = YES;
				CLANG_WARN_RANGE_LOOP_ANALYSIS = YES;
				CLANG_WARN_STRICT_PROTOTYPES = YES;
				CLANG_WARN_SUSPICIOUS_MOVE = YES;
				CLANG_WARN_UNGUARDED_AVAILABILITY = YES_AGGRESSIVE;
				CLANG_WARN_UNREACHABLE_CODE = YES;
				CLANG_WARN__DUPLICATE_METHOD_MATCH = YES;
				COPY_PHASE_STRIP = NO;
				DEBUG_INFORMATION_FORMAT = dwarf;
				ENABLE_STRICT_OBJC_MSGSEND = YES;
				ENABLE_TESTABILITY = YES;
				GCC_C_LANGUAGE_STANDARD = gnu11;
				GCC_DYNAMIC_NO_PIC = NO;
				GCC_NO_COMMON_BLOCKS = YES;
				GCC_OPTIMIZATION_LEVEL = 0;
				GCC_PREPROCESSOR_DEFINITIONS = (
					"DEBUG=1",
					"$(inherited)",
				);
				GCC_WARN_64_TO_32_BIT_CONVERSION = YES;
				GCC_WARN_ABOUT_RETURN_TYPE = YES_ERROR;
				GCC_WARN_UNDECLARED_SELECTOR = YES;
				GCC_WARN_UNINITIALIZED_AUTOS = YES_AGGRESSIVE;
				GCC_WARN_UNUSED_FUNCTION = YES;
				GCC_WARN_UNUSED_VARIABLE = YES;
				MACOSX_DEPLOYMENT_TARGET = 13.3;
				MTL_ENABLE_DEBUG_INFO = INCLUDE_SOURCE;
				MTL_FAST_MATH = YES;
				ONLY_ACTIVE_ARCH = YES;
				SDKROOT = macosx;
				SWIFT_ACTIVE_COMPILATION_CONDITIONS = DEBUG;
				SWIFT_OPTIMIZATION_LEVEL = "-Onone";
			};
			name = Debug;
		};
		68B17ED02B18845400EF98D9 /* Release */ = {
			isa = XCBuildConfiguration;
			buildSettings = {
				ALWAYS_SEARCH_USER_PATHS = NO;
				CLANG_ANALYZER_NONNULL = YES;
				CLANG_ANALYZER_NUMBER_OBJECT_CONVERSION = YES_AGGRESSIVE;
				CLANG_CXX_LANGUAGE_STANDARD = "gnu++20";
				CLANG_ENABLE_MODULES = YES;
				CLANG_ENABLE_OBJC_ARC = YES;
				CLANG_ENABLE_OBJC_WEAK = YES;
				CLANG_WARN_BLOCK_CAPTURE_AUTORELEASING = YES;
				CLANG_WARN_BOOL_CONVERSION = YES;
				CLANG_WARN_COMMA = YES;
				CLANG_WARN_CONSTANT_CONVERSION = YES;
				CLANG_WARN_DEPRECATED_OBJC_IMPLEMENTATIONS = YES;
				CLANG_WARN_DIRECT_OBJC_ISA_USAGE = YES_ERROR;
				CLANG_WARN_DOCUMENTATION_COMMENTS = YES;
				CLANG_WARN_EMPTY_BODY = YES;
				CLANG_WARN_ENUM_CONVERSION = YES;
				CLANG_WARN_INFINITE_RECURSION = YES;
				CLANG_WARN_INT_CONVERSION = YES;
				CLANG_WARN_NON_LITERAL_NULL_CONVERSION = YES;
				CLANG_WARN_OBJC_IMPLICIT_RETAIN_SELF = YES;
				CLANG_WARN_OBJC_LITERAL_CONVERSION = YES;
				CLANG_WARN_OBJC_ROOT_CLASS = YES_ERROR;
				CLANG_WARN_QUOTED_INCLUDE_IN_FRAMEWORK_HEADER = YES;
				CLANG_WARN_RANGE_LOOP_ANALYSIS = YES;
				CLANG_WARN_STRICT_PROTOTYPES = YES;
				CLANG_WARN_SUSPICIOUS_MOVE = YES;
				CLANG_WARN_UNGUARDED_AVAILABILITY = YES_AGGRESSIVE;
				CLANG_WARN_UNREACHABLE_CODE = YES;
				CLANG_WARN__DUPLICATE_METHOD_MATCH = YES;
				COPY_PHASE_STRIP = NO;
				DEBUG_INFORMATION_FORMAT = "dwarf-with-dsym";
				ENABLE_NS_ASSERTIONS = NO;
				ENABLE_STRICT_OBJC_MSGSEND = YES;
				GCC_C_LANGUAGE_STANDARD = gnu11;
				GCC_NO_COMMON_BLOCKS = YES;
				GCC_WARN_64_TO_32_BIT_CONVERSION = YES;
				GCC_WARN_ABOUT_RETURN_TYPE = YES_ERROR;
				GCC_WARN_UNDECLARED_SELECTOR = YES;
				GCC_WARN_UNINITIALIZED_AUTOS = YES_AGGRESSIVE;
				GCC_WARN_UNUSED_FUNCTION = YES;
				GCC_WARN_UNUSED_VARIABLE = YES;
				MACOSX_DEPLOYMENT_TARGET = 13.3;
				MTL_ENABLE_DEBUG_INFO = NO;
				MTL_FAST_MATH = YES;
				SDKROOT = macosx;
				SWIFT_COMPILATION_MODE = wholemodule;
				SWIFT_OPTIMIZATION_LEVEL = "-O";
			};
			name = Release;
		};
		68B17ED22B18845400EF98D9 /* Debug */ = {
			isa = XCBuildConfiguration;
			buildSettings = {
				CODE_SIGN_STYLE = Automatic;
				PRODUCT_NAME = "$(TARGET_NAME)";
				SWIFT_VERSION = 5.0;
			};
			name = Debug;
		};
		68B17ED32B18845400EF98D9 /* Release */ = {
			isa = XCBuildConfiguration;
			buildSettings = {
				CODE_SIGN_STYLE = Automatic;
				PRODUCT_NAME = "$(TARGET_NAME)";
				SWIFT_VERSION = 5.0;
			};
			name = Release;
		};
/* End XCBuildConfiguration section */

/* Begin XCConfigurationList section */
		68B17EC52B18845400EF98D9 /* Build configuration list for PBXProject "AdventOfCode2023" */ = {
			isa = XCConfigurationList;
			buildConfigurations = (
				68B17ECF2B18845400EF98D9 /* Debug */,
				68B17ED02B18845400EF98D9 /* Release */,
			);
			defaultConfigurationIsVisible = 0;
			defaultConfigurationName = Release;
		};
		68B17ED12B18845400EF98D9 /* Build configuration list for PBXNativeTarget "AdventOfCode2023" */ = {
			isa = XCConfigurationList;
			buildConfigurations = (
				68B17ED22B18845400EF98D9 /* Debug */,
				68B17ED32B18845400EF98D9 /* Release */,
			);
			defaultConfigurationIsVisible = 0;
			defaultConfigurationName = Release;
		};
/* End XCConfigurationList section */

/* Begin XCRemoteSwiftPackageReference section */
		68D88EBA2B18850C009E8D61 /* XCRemoteSwiftPackageReference "swift-algorithms" */ = {
			isa = XCRemoteSwiftPackageReference;
			repositoryURL = "https://github.com/apple/swift-algorithms.git";
			requirement = {
				kind = upToNextMajorVersion;
				minimumVersion = 1.0.0;
			};
		};
		68D88EBD2B188521009E8D61 /* XCRemoteSwiftPackageReference "swift-collections" */ = {
			isa = XCRemoteSwiftPackageReference;
			repositoryURL = "https://github.com/apple/swift-collections.git";
			requirement = {
				kind = upToNextMajorVersion;
				minimumVersion = 1.0.0;
			};
		};
/* End XCRemoteSwiftPackageReference section */

/* Begin XCSwiftPackageProductDependency section */
		68D88EBB2B18850C009E8D61 /* Algorithms */ = {
			isa = XCSwiftPackageProductDependency;
			package = 68D88EBA2B18850C009E8D61 /* XCRemoteSwiftPackageReference "swift-algorithms" */;
			productName = Algorithms;
		};
		68D88EBE2B188521009E8D61 /* Collections */ = {
			isa = XCSwiftPackageProductDependency;
			package = 68D88EBD2B188521009E8D61 /* XCRemoteSwiftPackageReference "swift-collections" */;
			productName = Collections;
		};
		68D88EC02B188521009E8D61 /* DequeModule */ = {
			isa = XCSwiftPackageProductDependency;
			package = 68D88EBD2B188521009E8D61 /* XCRemoteSwiftPackageReference "swift-collections" */;
			productName = DequeModule;
		};
		68D88EC22B188521009E8D61 /* OrderedCollections */ = {
			isa = XCSwiftPackageProductDependency;
			package = 68D88EBD2B188521009E8D61 /* XCRemoteSwiftPackageReference "swift-collections" */;
			productName = OrderedCollections;
		};
/* End XCSwiftPackageProductDependency section */
	};
	rootObject = 68B17EC22B18845400EF98D9 /* Project object */;
}
